
Microsoft Visual Studio Solution File, Format Version 12.00
# Visual Studio 15
VisualStudioVersion = 15.0.27703.2042
MinimumVisualStudioVersion = 10.0.40219.1
Project("{FAE04EC0-301F-11D3-BF4B-00C04F79EFBC}") = "ConsoleApp", "ConsoleApp\ConsoleApp.csproj", "{D46B7292-D1F2-46D6-9D0B-B7B0DF426F6B}"
EndProject
Global
	GlobalSection(SolutionConfigurationPlatforms) = preSolution
		Debug|Any CPU = Debug|Any CPU
		Release|Any CPU = Release|Any CPU
	EndGlobalSection
	GlobalSection(ProjectConfigurationPlatforms) = postSolution
		{D46B7292-D1F2-46D6-9D0B-B7B0DF426F6B}.Debug|Any CPU.ActiveCfg = Debug|Any CPU
		{D46B7292-D1F2-46D6-9D0B-B7B0DF426F6B}.Debug|Any CPU.Build.0 = Debug|Any CPU
		{D46B7292-D1F2-46D6-9D0B-B7B0DF426F6B}.Release|Any CPU.ActiveCfg = Release|Any CPU
		{D46B7292-D1F2-46D6-9D0B-B7B0DF426F6B}.Release|Any CPU.Build.0 = Release|Any CPU
	EndGlobalSection
	GlobalSection(SolutionProperties) = preSolution
		HideSolutionNode = FALSE
	EndGlobalSection
	GlobalSection(ExtensibilityGlobals) = postSolution
		SolutionGuid = {10C50D4C-3063-441E-A85E-95B8BC15B981}
	EndGlobalSection
EndGlobal
